
Microsoft Visual Studio Solution File, Format Version 12.00
# Visual Studio 2013
VisualStudioVersion = 12.0.21005.1
MinimumVisualStudioVersion = 10.0.40219.1
Project("{FAE04EC0-301F-11D3-BF4B-00C04F79EFBC}") = "angularjslearning", "angularjslearning\angularjslearning.csproj", "{C3B55C7E-1E21-4B57-A934-10713F0E0B2B}"
EndProject
Global
	GlobalSection(SolutionConfigurationPlatforms) = preSolution
		Debug|Any CPU = Debug|Any CPU
		Release|Any CPU = Release|Any CPU
	EndGlobalSection
	GlobalSection(ProjectConfigurationPlatforms) = postSolution
		{C3B55C7E-1E21-4B57-A934-10713F0E0B2B}.Debug|Any CPU.ActiveCfg = Debug|Any CPU
		{C3B55C7E-1E21-4B57-A934-10713F0E0B2B}.Debug|Any CPU.Build.0 = Debug|Any CPU
		{C3B55C7E-1E21-4B57-A934-10713F0E0B2B}.Release|Any CPU.ActiveCfg = Release|Any CPU
		{C3B55C7E-1E21-4B57-A934-10713F0E0B2B}.Release|Any CPU.Build.0 = Release|Any CPU
	EndGlobalSection
	GlobalSection(SolutionProperties) = preSolution
		HideSolutionNode = FALSE
	EndGlobalSection
EndGlobal
